
Microsoft Visual Studio Solution File, Format Version 12.00
# Visual Studio 15
VisualStudioVersion = 15.0.26430.13
MinimumVisualStudioVersion = 10.0.40219.1
Project("{9A19103F-16F7-4668-BE54-9A1E7A4F7556}") = "CheezeMod", "CheezeMod\CheezeMod.csproj", "{2723F5AA-0122-460F-A971-C18F03EEA66E}"
EndProject
Global
	GlobalSection(SolutionConfigurationPlatforms) = preSolution
		Debug|Any CPU = Debug|Any CPU
		Debug|x86 = Debug|x86
		Release|Any CPU = Release|Any CPU
		Release|x86 = Release|x86
	EndGlobalSection
	GlobalSection(ProjectConfigurationPlatforms) = postSolution
		{2723F5AA-0122-460F-A971-C18F03EEA66E}.Debug|Any CPU.ActiveCfg = Debug|Any CPU
		{2723F5AA-0122-460F-A971-C18F03EEA66E}.Debug|Any CPU.Build.0 = Debug|Any CPU
		{2723F5AA-0122-460F-A971-C18F03EEA66E}.Debug|Any CPU.Deploy.0 = Debug|Any CPU
		{2723F5AA-0122-460F-A971-C18F03EEA66E}.Debug|x86.ActiveCfg = Debug|Any CPU
		{2723F5AA-0122-460F-A971-C18F03EEA66E}.Debug|x86.Build.0 = Debug|Any CPU
		{2723F5AA-0122-460F-A971-C18F03EEA66E}.Release|Any CPU.ActiveCfg = Release|Any CPU
		{2723F5AA-0122-460F-A971-C18F03EEA66E}.Release|Any CPU.Build.0 = Release|Any CPU
		{2723F5AA-0122-460F-A971-C18F03EEA66E}.Release|x86.ActiveCfg = Release|Any CPU
		{2723F5AA-0122-460F-A971-C18F03EEA66E}.Release|x86.Build.0 = Release|Any CPU
	EndGlobalSection
	GlobalSection(SolutionProperties) = preSolution
		HideSolutionNode = FALSE
	EndGlobalSection
	GlobalSection(ExtensibilityGlobals) = postSolution
		SolutionGuid = {17CBD830-ACB4-4BE7-83E1-8A0FF1F6CBB0}
	EndGlobalSection
EndGlobal
